
Microsoft Visual Studio Solution File, Format Version 12.00
# Visual Studio Version 17
VisualStudioVersion = 17.3.32922.545
MinimumVisualStudioVersion = 10.0.40219.1
Project("{9A19103F-16F7-4668-BE54-9A1E7A4F7556}") = "WFM_WebAPI", "WFM_WebAPI\WFM_WebAPI.csproj", "{3D108D63-9863-4E2F-9402-0AD8110980D6}"
EndProject
Project("{FAE04EC0-301F-11D3-BF4B-00C04F79EFBC}") = "WFM_WebApplication", "WFM_WebApplication\WFM_WebApplication.csproj", "{7CD8751B-3382-40A1-B47F-AA1DCAB7C811}"
EndProject
Global
	GlobalSection(SolutionConfigurationPlatforms) = preSolution
		Debug|Any CPU = Debug|Any CPU
		Release|Any CPU = Release|Any CPU
	EndGlobalSection
	GlobalSection(ProjectConfigurationPlatforms) = postSolution
		{3D108D63-9863-4E2F-9402-0AD8110980D6}.Debug|Any CPU.ActiveCfg = Debug|Any CPU
		{3D108D63-9863-4E2F-9402-0AD8110980D6}.Debug|Any CPU.Build.0 = Debug|Any CPU
		{3D108D63-9863-4E2F-9402-0AD8110980D6}.Release|Any CPU.ActiveCfg = Release|Any CPU
		{3D108D63-9863-4E2F-9402-0AD8110980D6}.Release|Any CPU.Build.0 = Release|Any CPU
		{7CD8751B-3382-40A1-B47F-AA1DCAB7C811}.Debug|Any CPU.ActiveCfg = Debug|Any CPU
		{7CD8751B-3382-40A1-B47F-AA1DCAB7C811}.Debug|Any CPU.Build.0 = Debug|Any CPU
		{7CD8751B-3382-40A1-B47F-AA1DCAB7C811}.Release|Any CPU.ActiveCfg = Release|Any CPU
		{7CD8751B-3382-40A1-B47F-AA1DCAB7C811}.Release|Any CPU.Build.0 = Release|Any CPU
	EndGlobalSection
	GlobalSection(SolutionProperties) = preSolution
		HideSolutionNode = FALSE
	EndGlobalSection
	GlobalSection(ExtensibilityGlobals) = postSolution
		SolutionGuid = {6F1A8B34-8E45-4CE1-9FD9-ABF1389E38E7}
	EndGlobalSection
EndGlobal
